
Microsoft Visual Studio Solution File, Format Version 12.00
# Visual Studio 2012
Project("{FAE04EC0-301F-11D3-BF4B-00C04F79EFBC}") = "Demonstracao", "Demonstracao\Demonstracao.csproj", "{A1337FD7-5441-4167-ACAF-53228D258C68}"
EndProject
Project("{FAE04EC0-301F-11D3-BF4B-00C04F79EFBC}") = "Demonstracao.EXT", "Demonstracao.EXT\Demonstracao.EXT.csproj", "{5C709E05-1952-49DD-A59B-07B78AD91424}"
EndProject
Global
	GlobalSection(SolutionConfigurationPlatforms) = preSolution
		Debug|Any CPU = Debug|Any CPU
		Release|Any CPU = Release|Any CPU
	EndGlobalSection
	GlobalSection(ProjectConfigurationPlatforms) = postSolution
		{A1337FD7-5441-4167-ACAF-53228D258C68}.Debug|Any CPU.ActiveCfg = Debug|Any CPU
		{A1337FD7-5441-4167-ACAF-53228D258C68}.Debug|Any CPU.Build.0 = Debug|Any CPU
		{A1337FD7-5441-4167-ACAF-53228D258C68}.Release|Any CPU.ActiveCfg = Release|Any CPU
		{A1337FD7-5441-4167-ACAF-53228D258C68}.Release|Any CPU.Build.0 = Release|Any CPU
		{5C709E05-1952-49DD-A59B-07B78AD91424}.Debug|Any CPU.ActiveCfg = Debug|Any CPU
		{5C709E05-1952-49DD-A59B-07B78AD91424}.Debug|Any CPU.Build.0 = Debug|Any CPU
		{5C709E05-1952-49DD-A59B-07B78AD91424}.Release|Any CPU.ActiveCfg = Release|Any CPU
		{5C709E05-1952-49DD-A59B-07B78AD91424}.Release|Any CPU.Build.0 = Release|Any CPU
	EndGlobalSection
	GlobalSection(SolutionProperties) = preSolution
		HideSolutionNode = FALSE
	EndGlobalSection
EndGlobal
